
Microsoft Visual Studio Solution File, Format Version 12.00
# Visual Studio Version 17
VisualStudioVersion = 17.7.34202.233
MinimumVisualStudioVersion = 10.0.40219.1
Project("{FAE04EC0-301F-11D3-BF4B-00C04F79EFBC}") = "studentManagementApp", "studentManagementApp\studentManagementApp.csproj", "{AC7654DB-3797-4BC0-8AFB-CC60848F394D}"
EndProject
Global
	GlobalSection(SolutionConfigurationPlatforms) = preSolution
		Debug|Any CPU = Debug|Any CPU
		Release|Any CPU = Release|Any CPU
	EndGlobalSection
	GlobalSection(ProjectConfigurationPlatforms) = postSolution
		{AC7654DB-3797-4BC0-8AFB-CC60848F394D}.Debug|Any CPU.ActiveCfg = Debug|Any CPU
		{AC7654DB-3797-4BC0-8AFB-CC60848F394D}.Debug|Any CPU.Build.0 = Debug|Any CPU
		{AC7654DB-3797-4BC0-8AFB-CC60848F394D}.Release|Any CPU.ActiveCfg = Release|Any CPU
		{AC7654DB-3797-4BC0-8AFB-CC60848F394D}.Release|Any CPU.Build.0 = Release|Any CPU
	EndGlobalSection
	GlobalSection(SolutionProperties) = preSolution
		HideSolutionNode = FALSE
	EndGlobalSection
	GlobalSection(ExtensibilityGlobals) = postSolution
		SolutionGuid = {AD46C81A-8EF0-42ED-8008-0512F7B6F4F5}
	EndGlobalSection
EndGlobal
